
Microsoft Visual Studio Solution File, Format Version 12.00
# Visual Studio Version 16
VisualStudioVersion = 16.0.808.3
MinimumVisualStudioVersion = 10.0.40219.1
Project("{9A19103F-16F7-4668-BE54-9A1E7A4F7556}") = "JeffSite", "JeffSite\JeffSite.csproj", "{A0332E48-A830-4B8F-8D25-F7113CCB518D}"
EndProject
Project("{FAE04EC0-301F-11D3-BF4B-00C04F79EFBC}") = "JeffSite2", "JeffSite2\JeffSite2.csproj", "{E4F83801-14B5-4384-9BDE-EBFC043E81D7}"
EndProject
Global
	GlobalSection(SolutionConfigurationPlatforms) = preSolution
		Debug|Any CPU = Debug|Any CPU
		Release|Any CPU = Release|Any CPU
	EndGlobalSection
	GlobalSection(ProjectConfigurationPlatforms) = postSolution
		{A0332E48-A830-4B8F-8D25-F7113CCB518D}.Debug|Any CPU.ActiveCfg = Debug|Any CPU
		{A0332E48-A830-4B8F-8D25-F7113CCB518D}.Debug|Any CPU.Build.0 = Debug|Any CPU
		{A0332E48-A830-4B8F-8D25-F7113CCB518D}.Release|Any CPU.ActiveCfg = Release|Any CPU
		{A0332E48-A830-4B8F-8D25-F7113CCB518D}.Release|Any CPU.Build.0 = Release|Any CPU
		{E4F83801-14B5-4384-9BDE-EBFC043E81D7}.Debug|Any CPU.ActiveCfg = Debug|Any CPU
		{E4F83801-14B5-4384-9BDE-EBFC043E81D7}.Debug|Any CPU.Build.0 = Debug|Any CPU
		{E4F83801-14B5-4384-9BDE-EBFC043E81D7}.Release|Any CPU.ActiveCfg = Release|Any CPU
		{E4F83801-14B5-4384-9BDE-EBFC043E81D7}.Release|Any CPU.Build.0 = Release|Any CPU
	EndGlobalSection
	GlobalSection(SolutionProperties) = preSolution
		HideSolutionNode = FALSE
	EndGlobalSection
	GlobalSection(ExtensibilityGlobals) = postSolution
		SolutionGuid = {95F91707-3097-4C55-B535-84A665699BF6}
	EndGlobalSection
EndGlobal
